// !$*UTF8*$!
{
	archiveVersion = 1;
	classes = {
	};
	objectVersion = 50;
	objects = {

/* Begin PBXBuildFile section */
		CBFC868D2592296800264D22 /* AppDelegate.swift in Sources */ = {isa = PBXBuildFile; fileRef = CBFC868C2592296800264D22 /* AppDelegate.swift */; };
		CBFC868F2592296800264D22 /* SceneDelegate.swift in Sources */ = {isa = PBXBuildFile; fileRef = CBFC868E2592296800264D22 /* SceneDelegate.swift */; };
		CBFC86912592296800264D22 /* ViewController.swift in Sources */ = {isa = PBXBuildFile; fileRef = CBFC86902592296800264D22 /* ViewController.swift */; };
		CBFC86942592296800264D22 /* Main.storyboard in Resources */ = {isa = PBXBuildFile; fileRef = CBFC86922592296800264D22 /* Main.storyboard */; };
		CBFC86962592296A00264D22 /* Assets.xcassets in Resources */ = {isa = PBXBuildFile; fileRef = CBFC86952592296A00264D22 /* Assets.xcassets */; };
		CBFC86992592296A00264D22 /* LaunchScreen.storyboard in Resources */ = {isa = PBXBuildFile; fileRef = CBFC86972592296A00264D22 /* LaunchScreen.storyboard */; };
		CBFC86A12592301700264D22 /* SingletonExampleViewController.swift in Sources */ = {isa = PBXBuildFile; fileRef = CBFC86A02592301700264D22 /* SingletonExampleViewController.swift */; };
		CBFC86A32592309900264D22 /* User.swift in Sources */ = {isa = PBXBuildFile; fileRef = CBFC86A22592309900264D22 /* User.swift */; };
/* End PBXBuildFile section */

/* Begin PBXFileReference section */
		CBFC86892592296800264D22 /* CollectionsEgitim.app */ = {isa = PBXFileReference; explicitFileType = wrapper.application; includeInIndex = 0; path = CollectionsEgitim.app; sourceTree = BUILT_PRODUCTS_DIR; };
		CBFC868C2592296800264D22 /* AppDelegate.swift */ = {isa = PBXFileReference; lastKnownFileType = sourcecode.swift; path = AppDelegate.swift; sourceTree = "<group>"; };
		CBFC868E2592296800264D22 /* SceneDelegate.swift */ = {isa = PBXFileReference; lastKnownFileType = sourcecode.swift; path = SceneDelegate.swift; sourceTree = "<group>"; };
		CBFC86902592296800264D22 /* ViewController.swift */ = {isa = PBXFileReference; lastKnownFileType = sourcecode.swift; path = ViewController.swift; sourceTree = "<group>"; };
		CBFC86932592296800264D22 /* Base */ = {isa = PBXFileReference; lastKnownFileType = file.storyboard; name = Base; path = Base.lproj/Main.storyboard; sourceTree = "<group>"; };
		CBFC86952592296A00264D22 /* Assets.xcassets */ = {isa = PBXFileReference; lastKnownFileType = folder.assetcatalog; path = Assets.xcassets; sourceTree = "<group>"; };
		CBFC86982592296A00264D22 /* Base */ = {isa = PBXFileReference; lastKnownFileType = file.storyboard; name = Base; path = Base.lproj/LaunchScreen.storyboard; sourceTree = "<group>"; };
		CBFC869A2592296A00264D22 /* Info.plist */ = {isa = PBXFileReference; lastKnownFileType = text.plist.xml; path = Info.plist; sourceTree = "<group>"; };
		CBFC86A02592301700264D22 /* SingletonExampleViewController.swift */ = {isa = PBXFileReference; lastKnownFileType = sourcecode.swift; path = SingletonExampleViewController.swift; sourceTree = "<group>"; };
		CBFC86A22592309900264D22 /* User.swift */ = {isa = PBXFileReference; lastKnownFileType = sourcecode.swift; path = User.swift; sourceTree = "<group>"; };
/* End PBXFileReference section */

/* Begin PBXFrameworksBuildPhase section */
		CBFC86862592296800264D22 /* Frameworks */ = {
			isa = PBXFrameworksBuildPhase;
			buildActionMask = 2147483647;
			files = (
			);
			runOnlyForDeploymentPostprocessing = 0;
		};
/* End PBXFrameworksBuildPhase section */

/* Begin PBXGroup section */
		CBFC86802592296800264D22 = {
			isa = PBXGroup;
			children = (
				CBFC868B2592296800264D22 /* CollectionsEgitim */,
				CBFC868A2592296800264D22 /* Products */,
			);
			sourceTree = "<group>";
		};
		CBFC868A2592296800264D22 /* Products */ = {
			isa = PBXGroup;
			children = (
				CBFC86892592296800264D22 /* CollectionsEgitim.app */,
			);
			name = Products;
			sourceTree = "<group>";
		};
		CBFC868B2592296800264D22 /* CollectionsEgitim */ = {
			isa = PBXGroup;
			children = (
				CBFC868C2592296800264D22 /* AppDelegate.swift */,
				CBFC868E2592296800264D22 /* SceneDelegate.swift */,
				CBFC86902592296800264D22 /* ViewController.swift */,
				CBFC86922592296800264D22 /* Main.storyboard */,
				CBFC86952592296A00264D22 /* Assets.xcassets */,
				CBFC86972592296A00264D22 /* LaunchScreen.storyboard */,
				CBFC869A2592296A00264D22 /* Info.plist */,
				CBFC86A02592301700264D22 /* SingletonExampleViewController.swift */,
				CBFC86A22592309900264D22 /* User.swift */,
			);
			path = CollectionsEgitim;
			sourceTree = "<group>";
		};
/* End PBXGroup section */

/* Begin PBXNativeTarget section */
		CBFC86882592296800264D22 /* CollectionsEgitim */ = {
			isa = PBXNativeTarget;
			buildConfigurationList = CBFC869D2592296A00264D22 /* Build configuration list for PBXNativeTarget "CollectionsEgitim" */;
			buildPhases = (
				CBFC86852592296800264D22 /* Sources */,
				CBFC86862592296800264D22 /* Frameworks */,
				CBFC86872592296800264D22 /* Resources */,
			);
			buildRules = (
			);
			dependencies = (
			);
			name = CollectionsEgitim;
			productName = CollectionsEgitim;
			productReference = CBFC86892592296800264D22 /* CollectionsEgitim.app */;
			productType = "com.apple.product-type.application";
		};
/* End PBXNativeTarget section */

/* Begin PBXProject section */
		CBFC86812592296800264D22 /* Project object */ = {
			isa = PBXProject;
			attributes = {
				LastSwiftUpdateCheck = 1170;
				LastUpgradeCheck = 1170;
				ORGANIZATIONNAME = "Ziraat Teknoloji";
				TargetAttributes = {
					CBFC86882592296800264D22 = {
						CreatedOnToolsVersion = 11.7;
					};
				};
			};
			buildConfigurationList = CBFC86842592296800264D22 /* Build configuration list for PBXProject "CollectionsEgitim" */;
			compatibilityVersion = "Xcode 9.3";
			developmentRegion = en;
			hasScannedForEncodings = 0;
			knownRegions = (
				en,
				Base,
			);
			mainGroup = CBFC86802592296800264D22;
			productRefGroup = CBFC868A2592296800264D22 /* Products */;
			projectDirPath = "";
			projectRoot = "";
			targets = (
				CBFC86882592296800264D22 /* CollectionsEgitim */,
			);
		};
/* End PBXProject section */

/* Begin PBXResourcesBuildPhase section */
		CBFC86872592296800264D22 /* Resources */ = {
			isa = PBXResourcesBuildPhase;
			buildActionMask = 2147483647;
			files = (
				CBFC86992592296A00264D22 /* LaunchScreen.storyboard in Resources */,
				CBFC86962592296A00264D22 /* Assets.xcassets in Resources */,
				CBFC86942592296800264D22 /* Main.storyboard in Resources */,
			);
			runOnlyForDeploymentPostprocessing = 0;
		};
/* End PBXResourcesBuildPhase section */

/* Begin PBXSourcesBuildPhase section */
		CBFC86852592296800264D22 /* Sources */ = {
			isa = PBXSourcesBuildPhase;
			buildActionMask = 2147483647;
			files = (
				CBFC86912592296800264D22 /* ViewController.swift in Sources */,
				CBFC86A12592301700264D22 /* SingletonExampleViewController.swift in Sources */,
				CBFC868D2592296800264D22 /* AppDelegate.swift in Sources */,
				CBFC86A32592309900264D22 /* User.swift in Sources */,
				CBFC868F2592296800264D22 /* SceneDelegate.swift in Sources */,
			);
			runOnlyForDeploymentPostprocessing = 0;
		};
/* End PBXSourcesBuildPhase section */

/* Begin PBXVariantGroup section */
		CBFC86922592296800264D22 /* Main.storyboard */ = {
			isa = PBXVariantGroup;
			children = (
				CBFC86932592296800264D22 /* Base */,
			);
			name = Main.storyboard;
			sourceTree = "<group>";
		};
		CBFC86972592296A00264D22 /* LaunchScreen.storyboard */ = {
			isa = PBXVariantGroup;
			children = (
				CBFC86982592296A00264D22 /* Base */,
			);
			name = LaunchScreen.storyboard;
			sourceTree = "<group>";
		};
/* End PBXVariantGroup section */

/* Begin XCBuildConfiguration section */
		CBFC869B2592296A00264D22 /* Debug */ = {
			isa = XCBuildConfiguration;
			buildSettings = {
				ALWAYS_SEARCH_USER_PATHS = NO;
				CLANG_ANALYZER_NONNULL = YES;
				CLANG_ANALYZER_NUMBER_OBJECT_CONVERSION = YES_AGGRESSIVE;
				CLANG_CXX_LANGUAGE_STANDARD = "gnu++14";
				CLANG_CXX_LIBRARY = "libc++";
				CLANG_ENABLE_MODULES = YES;
				CLANG_ENABLE_OBJC_ARC = YES;
				CLANG_ENABLE_OBJC_WEAK = YES;
				CLANG_WARN_BLOCK_CAPTURE_AUTORELEASING = YES;
				CLANG_WARN_BOOL_CONVERSION = YES;
				CLANG_WARN_COMMA = YES;
				CLANG_WARN_CONSTANT_CONVERSION = YES;
				CLANG_WARN_DEPRECATED_OBJC_IMPLEMENTATIONS = YES;
				CLANG_WARN_DIRECT_OBJC_ISA_USAGE = YES_ERROR;
				CLANG_WARN_DOCUMENTATION_COMMENTS = YES;
				CLANG_WARN_EMPTY_BODY = YES;
				CLANG_WARN_ENUM_CONVERSION = YES;
				CLANG_WARN_INFINITE_RECURSION = YES;
				CLANG_WARN_INT_CONVERSION = YES;
				CLANG_WARN_NON_LITERAL_NULL_CONVERSION = YES;
				CLANG_WARN_OBJC_IMPLICIT_RETAIN_SELF = YES;
				CLANG_WARN_OBJC_LITERAL_CONVERSION = YES;
				CLANG_WARN_OBJC_ROOT_CLASS = YES_ERROR;
				CLANG_WARN_RANGE_LOOP_ANALYSIS = YES;
				CLANG_WARN_STRICT_PROTOTYPES = YES;
				CLANG_WARN_SUSPICIOUS_MOVE = YES;
				CLANG_WARN_UNGUARDED_AVAILABILITY = YES_AGGRESSIVE;
				CLANG_WARN_UNREACHABLE_CODE = YES;
				CLANG_WARN__DUPLICATE_METHOD_MATCH = YES;
				COPY_PHASE_STRIP = NO;
				DEBUG_INFORMATION_FORMAT = dwarf;
				ENABLE_STRICT_OBJC_MSGSEND = YES;
				ENABLE_TESTABILITY = YES;
				GCC_C_LANGUAGE_STANDARD = gnu11;
				GCC_DYNAMIC_NO_PIC = NO;
				GCC_NO_COMMON_BLOCKS = YES;
				GCC_OPTIMIZATION_LEVEL = 0;
				GCC_PREPROCESSOR_DEFINITIONS = (
					"DEBUG=1",
					"$(inherited)",
				);
				GCC_WARN_64_TO_32_BIT_CONVERSION = YES;
				GCC_WARN_ABOUT_RETURN_TYPE = YES_ERROR;
				GCC_WARN_UNDECLARED_SELECTOR = YES;
				GCC_WARN_UNINITIALIZED_AUTOS = YES_AGGRESSIVE;
				GCC_WARN_UNUSED_FUNCTION = YES;
				GCC_WARN_UNUSED_VARIABLE = YES;
				IPHONEOS_DEPLOYMENT_TARGET = 13.7;
				MTL_ENABLE_DEBUG_INFO = INCLUDE_SOURCE;
				MTL_FAST_MATH = YES;
				ONLY_ACTIVE_ARCH = YES;
				SDKROOT = iphoneos;
				SWIFT_ACTIVE_COMPILATION_CONDITIONS = DEBUG;
				SWIFT_OPTIMIZATION_LEVEL = "-Onone";
			};
			name = Debug;
		};
		CBFC869C2592296A00264D22 /* Release */ = {
			isa = XCBuildConfiguration;
			buildSettings = {
				ALWAYS_SEARCH_USER_PATHS = NO;
				CLANG_ANALYZER_NONNULL = YES;
				CLANG_ANALYZER_NUMBER_OBJECT_CONVERSION = YES_AGGRESSIVE;
				CLANG_CXX_LANGUAGE_STANDARD = "gnu++14";
				CLANG_CXX_LIBRARY = "libc++";
				CLANG_ENABLE_MODULES = YES;
				CLANG_ENABLE_OBJC_ARC = YES;
				CLANG_ENABLE_OBJC_WEAK = YES;
				CLANG_WARN_BLOCK_CAPTURE_AUTORELEASING = YES;
				CLANG_WARN_BOOL_CONVERSION = YES;
				CLANG_WARN_COMMA = YES;
				CLANG_WARN_CONSTANT_CONVERSION = YES;
				CLANG_WARN_DEPRECATED_OBJC_IMPLEMENTATIONS = YES;
				CLANG_WARN_DIRECT_OBJC_ISA_USAGE = YES_ERROR;
				CLANG_WARN_DOCUMENTATION_COMMENTS = YES;
				CLANG_WARN_EMPTY_BODY = YES;
				CLANG_WARN_ENUM_CONVERSION = YES;
				CLANG_WARN_INFINITE_RECURSION = YES;
				CLANG_WARN_INT_CONVERSION = YES;
				CLANG_WARN_NON_LITERAL_NULL_CONVERSION = YES;
				CLANG_WARN_OBJC_IMPLICIT_RETAIN_SELF = YES;
				CLANG_WARN_OBJC_LITERAL_CONVERSION = YES;
				CLANG_WARN_OBJC_ROOT_CLASS = YES_ERROR;
				CLANG_WARN_RANGE_LOOP_ANALYSIS = YES;
				CLANG_WARN_STRICT_PROTOTYPES = YES;
				CLANG_WARN_SUSPICIOUS_MOVE = YES;
				CLANG_WARN_UNGUARDED_AVAILABILITY = YES_AGGRESSIVE;
				CLANG_WARN_UNREACHABLE_CODE = YES;
				CLANG_WARN__DUPLICATE_METHOD_MATCH = YES;
				COPY_PHASE_STRIP = NO;
				DEBUG_INFORMATION_FORMAT = "dwarf-with-dsym";
				ENABLE_NS_ASSERTIONS = NO;
				ENABLE_STRICT_OBJC_MSGSEND = YES;
				GCC_C_LANGUAGE_STANDARD = gnu11;
				GCC_NO_COMMON_BLOCKS = YES;
				GCC_WARN_64_TO_32_BIT_CONVERSION = YES;
				GCC_WARN_ABOUT_RETURN_TYPE = YES_ERROR;
				GCC_WARN_UNDECLARED_SELECTOR = YES;
				GCC_WARN_UNINITIALIZED_AUTOS = YES_AGGRESSIVE;
				GCC_WARN_UNUSED_FUNCTION = YES;
				GCC_WARN_UNUSED_VARIABLE = YES;
				IPHONEOS_DEPLOYMENT_TARGET = 13.7;
				MTL_ENABLE_DEBUG_INFO = NO;
				MTL_FAST_MATH = YES;
				SDKROOT = iphoneos;
				SWIFT_COMPILATION_MODE = wholemodule;
				SWIFT_OPTIMIZATION_LEVEL = "-O";
				VALIDATE_PRODUCT = YES;
			};
			name = Release;
		};
		CBFC869E2592296A00264D22 /* Debug */ = {
			isa = XCBuildConfiguration;
			buildSettings = {
				ASSETCATALOG_COMPILER_APPICON_NAME = AppIcon;
				CODE_SIGN_STYLE = Automatic;
				DEVELOPMENT_TEAM = D5Z9B84L4J;
				INFOPLIST_FILE = CollectionsEgitim/Info.plist;
				LD_RUNPATH_SEARCH_PATHS = (
					"$(inherited)",
					"@executable_path/Frameworks",
				);
				PRODUCT_BUNDLE_IDENTIFIER = com.ziraat.egitim.collections.CollectionsEgitim;
				PRODUCT_NAME = "$(TARGET_NAME)";
				SWIFT_VERSION = 5.0;
				TARGETED_DEVICE_FAMILY = 1;
			};
			name = Debug;
		};
		CBFC869F2592296A00264D22 /* Release */ = {
			isa = XCBuildConfiguration;
			buildSettings = {
				ASSETCATALOG_COMPILER_APPICON_NAME = AppIcon;
				CODE_SIGN_STYLE = Automatic;
				DEVELOPMENT_TEAM = D5Z9B84L4J;
				INFOPLIST_FILE = CollectionsEgitim/Info.plist;
				LD_RUNPATH_SEARCH_PATHS = (
					"$(inherited)",
					"@executable_path/Frameworks",
				);
				PRODUCT_BUNDLE_IDENTIFIER = com.ziraat.egitim.collections.CollectionsEgitim;
				PRODUCT_NAME = "$(TARGET_NAME)";
				SWIFT_VERSION = 5.0;
				TARGETED_DEVICE_FAMILY = 1;
			};
			name = Release;
		};
/* End XCBuildConfiguration section */

/* Begin XCConfigurationList section */
		CBFC86842592296800264D22 /* Build configuration list for PBXProject "CollectionsEgitim" */ = {
			isa = XCConfigurationList;
			buildConfigurations = (
				CBFC869B2592296A00264D22 /* Debug */,
				CBFC869C2592296A00264D22 /* Release */,
			);
			defaultConfigurationIsVisible = 0;
			defaultConfigurationName = Release;
		};
		CBFC869D2592296A00264D22 /* Build configuration list for PBXNativeTarget "CollectionsEgitim" */ = {
			isa = XCConfigurationList;
			buildConfigurations = (
				CBFC869E2592296A00264D22 /* Debug */,
				CBFC869F2592296A00264D22 /* Release */,
			);
			defaultConfigurationIsVisible = 0;
			defaultConfigurationName = Release;
		};
/* End XCConfigurationList section */
	};
	rootObject = CBFC86812592296800264D22 /* Project object */;
}
